
Microsoft Visual Studio Solution File, Format Version 12.00
# Visual Studio Version 16
VisualStudioVersion = 16.0.30709.64
MinimumVisualStudioVersion = 10.0.40219.1
Project("{9A19103F-16F7-4668-BE54-9A1E7A4F7556}") = "AspNetCore.IOISEOHelper", "AspNetCore.IOISEOHelper\AspNetCore.IOISEOHelper.csproj", "{9F699679-3A4F-411E-838A-2341E5366D14}"
EndProject
Project("{FAE04EC0-301F-11D3-BF4B-00C04F79EFBC}") = "TestNetCore3.1", "Test\TestNetCoreSiteVersion3.1\TestNetCore3.1\TestNetCore3.1.csproj", "{1B70DFA1-4D39-4676-8320-CBEA52FA2EB1}"
EndProject
Global
	GlobalSection(SolutionConfigurationPlatforms) = preSolution
		Debug|Any CPU = Debug|Any CPU
		Release|Any CPU = Release|Any CPU
	EndGlobalSection
	GlobalSection(ProjectConfigurationPlatforms) = postSolution
		{9F699679-3A4F-411E-838A-2341E5366D14}.Debug|Any CPU.ActiveCfg = Debug|Any CPU
		{9F699679-3A4F-411E-838A-2341E5366D14}.Debug|Any CPU.Build.0 = Debug|Any CPU
		{9F699679-3A4F-411E-838A-2341E5366D14}.Release|Any CPU.ActiveCfg = Release|Any CPU
		{9F699679-3A4F-411E-838A-2341E5366D14}.Release|Any CPU.Build.0 = Release|Any CPU
		{1B70DFA1-4D39-4676-8320-CBEA52FA2EB1}.Debug|Any CPU.ActiveCfg = Debug|Any CPU
		{1B70DFA1-4D39-4676-8320-CBEA52FA2EB1}.Debug|Any CPU.Build.0 = Debug|Any CPU
		{1B70DFA1-4D39-4676-8320-CBEA52FA2EB1}.Release|Any CPU.ActiveCfg = Release|Any CPU
		{1B70DFA1-4D39-4676-8320-CBEA52FA2EB1}.Release|Any CPU.Build.0 = Release|Any CPU
	EndGlobalSection
	GlobalSection(SolutionProperties) = preSolution
		HideSolutionNode = FALSE
	EndGlobalSection
	GlobalSection(ExtensibilityGlobals) = postSolution
		SolutionGuid = {225D63FE-52D7-4CD9-A6FB-FC2EBA951F96}
	EndGlobalSection
EndGlobal
